
Microsoft Visual Studio Solution File, Format Version 11.00
# Visual Studio 2010
Project("{FAE04EC0-301F-11D3-BF4B-00C04F79EFBC}") = "WebApplication1", "WebApplication1\WebApplication1.csproj", "{5AE08AC5-C64A-4A41-BDCC-D9D44FE8DB60}"
EndProject
Global
	GlobalSection(SolutionConfigurationPlatforms) = preSolution
		Debug|Any CPU = Debug|Any CPU
		Release|Any CPU = Release|Any CPU
	EndGlobalSection
	GlobalSection(ProjectConfigurationPlatforms) = postSolution
		{5AE08AC5-C64A-4A41-BDCC-D9D44FE8DB60}.Debug|Any CPU.ActiveCfg = Debug|Any CPU
		{5AE08AC5-C64A-4A41-BDCC-D9D44FE8DB60}.Debug|Any CPU.Build.0 = Debug|Any CPU
		{5AE08AC5-C64A-4A41-BDCC-D9D44FE8DB60}.Release|Any CPU.ActiveCfg = Release|Any CPU
		{5AE08AC5-C64A-4A41-BDCC-D9D44FE8DB60}.Release|Any CPU.Build.0 = Release|Any CPU
	EndGlobalSection
	GlobalSection(SolutionProperties) = preSolution
		HideSolutionNode = FALSE
	EndGlobalSection
EndGlobal
